
Microsoft Visual Studio Solution File, Format Version 12.00
# Visual Studio Version 16
VisualStudioVersion = 16.0.30804.86
MinimumVisualStudioVersion = 10.0.40219.1
Project("{FAE04EC0-301F-11D3-BF4B-00C04F79EFBC}") = "2_1000ArasıAsalSayiBulma_08012021", "2_1000ArasıAsalSayiBulma_08012021\2_1000ArasıAsalSayiBulma_08012021.csproj", "{72964AE1-1BE0-4216-A46F-BD9E4D2CF9FD}"
EndProject
Global
	GlobalSection(SolutionConfigurationPlatforms) = preSolution
		Debug|Any CPU = Debug|Any CPU
		Release|Any CPU = Release|Any CPU
	EndGlobalSection
	GlobalSection(ProjectConfigurationPlatforms) = postSolution
		{72964AE1-1BE0-4216-A46F-BD9E4D2CF9FD}.Debug|Any CPU.ActiveCfg = Debug|Any CPU
		{72964AE1-1BE0-4216-A46F-BD9E4D2CF9FD}.Debug|Any CPU.Build.0 = Debug|Any CPU
		{72964AE1-1BE0-4216-A46F-BD9E4D2CF9FD}.Release|Any CPU.ActiveCfg = Release|Any CPU
		{72964AE1-1BE0-4216-A46F-BD9E4D2CF9FD}.Release|Any CPU.Build.0 = Release|Any CPU
	EndGlobalSection
	GlobalSection(SolutionProperties) = preSolution
		HideSolutionNode = FALSE
	EndGlobalSection
	GlobalSection(ExtensibilityGlobals) = postSolution
		SolutionGuid = {B59DB6D0-0A86-4240-99DD-358367122E34}
	EndGlobalSection
EndGlobal
